
Microsoft Visual Studio Solution File, Format Version 12.00
# Visual Studio Version 16
VisualStudioVersion = 16.0.31205.134
MinimumVisualStudioVersion = 10.0.40219.1
Project("{FAE04EC0-301F-11D3-BF4B-00C04F79EFBC}") = "Testing Shapes", "Testing Shapes\Testing Shapes.csproj", "{98603654-B1C1-4249-964C-2D8C550C81E3}"
EndProject
Project("{FAE04EC0-301F-11D3-BF4B-00C04F79EFBC}") = "Testing ShapesTests", "Testing ShapesTests\Testing ShapesTests.csproj", "{D0AB37EC-03D1-45DE-AE37-104F5B36A6D4}"
EndProject
Global
	GlobalSection(SolutionConfigurationPlatforms) = preSolution
		Debug|Any CPU = Debug|Any CPU
		Release|Any CPU = Release|Any CPU
	EndGlobalSection
	GlobalSection(ProjectConfigurationPlatforms) = postSolution
		{98603654-B1C1-4249-964C-2D8C550C81E3}.Debug|Any CPU.ActiveCfg = Debug|Any CPU
		{98603654-B1C1-4249-964C-2D8C550C81E3}.Debug|Any CPU.Build.0 = Debug|Any CPU
		{98603654-B1C1-4249-964C-2D8C550C81E3}.Release|Any CPU.ActiveCfg = Release|Any CPU
		{98603654-B1C1-4249-964C-2D8C550C81E3}.Release|Any CPU.Build.0 = Release|Any CPU
		{D0AB37EC-03D1-45DE-AE37-104F5B36A6D4}.Debug|Any CPU.ActiveCfg = Debug|Any CPU
		{D0AB37EC-03D1-45DE-AE37-104F5B36A6D4}.Debug|Any CPU.Build.0 = Debug|Any CPU
		{D0AB37EC-03D1-45DE-AE37-104F5B36A6D4}.Release|Any CPU.ActiveCfg = Release|Any CPU
		{D0AB37EC-03D1-45DE-AE37-104F5B36A6D4}.Release|Any CPU.Build.0 = Release|Any CPU
	EndGlobalSection
	GlobalSection(SolutionProperties) = preSolution
		HideSolutionNode = FALSE
	EndGlobalSection
	GlobalSection(ExtensibilityGlobals) = postSolution
		SolutionGuid = {5AD81F67-AA64-40AF-88AC-1BF806EC761A}
	EndGlobalSection
EndGlobal
